
Microsoft Visual Studio Solution File, Format Version 12.00
# Visual Studio 15
Project("{FAE04EC0-301F-11D3-BF4B-00C04F79EFBC}") = "Assembly-CSharp", "Assembly-CSharp.csproj", "{DBB81E78-F9E2-D20F-8D41-BCA9B46E7B33}"
EndProject
Global
	GlobalSection(SolutionConfigurationPlatforms) = preSolution
		Debug|Any CPU = Debug|Any CPU
		Release|Any CPU = Release|Any CPU
	EndGlobalSection
	GlobalSection(ProjectConfigurationPlatforms) = postSolution
		{DBB81E78-F9E2-D20F-8D41-BCA9B46E7B33}.Debug|Any CPU.ActiveCfg = Debug|Any CPU
		{DBB81E78-F9E2-D20F-8D41-BCA9B46E7B33}.Debug|Any CPU.Build.0 = Debug|Any CPU
		{DBB81E78-F9E2-D20F-8D41-BCA9B46E7B33}.Release|Any CPU.ActiveCfg = Release|Any CPU
		{DBB81E78-F9E2-D20F-8D41-BCA9B46E7B33}.Release|Any CPU.Build.0 = Release|Any CPU
	EndGlobalSection
	GlobalSection(SolutionProperties) = preSolution
		HideSolutionNode = FALSE
	EndGlobalSection
EndGlobal
